// !$*UTF8*$!
{
	archiveVersion = 1;
	classes = {
	};
	objectVersion = 70;
	objects = {

/* Begin PBXBuildFile section */
		A1000001001 /* RayeeApp.swift in Sources */ = {isa = PBXBuildFile; fileRef = A1000001000 /* RayeeApp.swift */; };
		A1000002001 /* AppState.swift in Sources */ = {isa = PBXBuildFile; fileRef = A1000002000 /* AppState.swift */; };
		A1000004001 /* StatusIndicator.swift in Sources */ = {isa = PBXBuildFile; fileRef = A1000004000 /* StatusIndicator.swift */; };
		A1000007001 /* SettingsManager.swift in Sources */ = {isa = PBXBuildFile; fileRef = A1000007000 /* SettingsManager.swift */; };
		A1000008001 /* SettingsView.swift in Sources */ = {isa = PBXBuildFile; fileRef = A1000008000 /* SettingsView.swift */; };
		A1000009001 /* HotkeyManager.swift in Sources */ = {isa = PBXBuildFile; fileRef = A1000009000 /* HotkeyManager.swift */; };
		A100000A001 /* PasteManager.swift in Sources */ = {isa = PBXBuildFile; fileRef = A100000A000 /* PasteManager.swift */; };
		A100000C001 /* TranscriptionRecord.swift in Sources */ = {isa = PBXBuildFile; fileRef = A100000C000 /* TranscriptionRecord.swift */; };
		A100000D001 /* HistoryManager.swift in Sources */ = {isa = PBXBuildFile; fileRef = A100000D000 /* HistoryManager.swift */; };
		A100000E001 /* HistoryView.swift in Sources */ = {isa = PBXBuildFile; fileRef = A100000E000 /* HistoryView.swift */; };
		A100000F001 /* AudioFeedback.swift in Sources */ = {isa = PBXBuildFile; fileRef = A100000F000 /* AudioFeedback.swift */; };
		A1000120001 /* AudioRecorder.swift in Sources */ = {isa = PBXBuildFile; fileRef = A1000120000 /* AudioRecorder.swift */; };
		A1000130001 /* Config.swift in Sources */ = {isa = PBXBuildFile; fileRef = A1000130000 /* Config.swift */; };
		A1000150001 /* TranscriptionCoordinator.swift in Sources */ = {isa = PBXBuildFile; fileRef = A1000150000 /* TranscriptionCoordinator.swift */; };
		A1000170001 /* AudioLevelMonitor.swift in Sources */ = {isa = PBXBuildFile; fileRef = A1000170000 /* AudioLevelMonitor.swift */; };
		A1000180001 /* RecordingPanelView.swift in Sources */ = {isa = PBXBuildFile; fileRef = A1000180000 /* RecordingPanelView.swift */; };
		A1000190001 /* RecordingPanelController.swift in Sources */ = {isa = PBXBuildFile; fileRef = A1000190000 /* RecordingPanelController.swift */; };
		A10001B0001 /* PanelButtonStyles.swift in Sources */ = {isa = PBXBuildFile; fileRef = A10001B0000 /* PanelButtonStyles.swift */; };
		A10001C0001 /* PasteTargetDetector.swift in Sources */ = {isa = PBXBuildFile; fileRef = A10001C0000 /* PasteTargetDetector.swift */; };
		A10001D0001 /* AppLogger.swift in Sources */ = {isa = PBXBuildFile; fileRef = A10001D0000 /* AppLogger.swift */; };
		A10001E0001 /* Assets.xcassets in Resources */ = {isa = PBXBuildFile; fileRef = A10001E0000 /* Assets.xcassets */; };
		A10002A0001 /* AudioFileConverter.swift in Sources */ = {isa = PBXBuildFile; fileRef = A10002A0000 /* AudioFileConverter.swift */; };
		A10002B0001 /* UploadRecord.swift in Sources */ = {isa = PBXBuildFile; fileRef = A10002B0000 /* UploadRecord.swift */; };
		A10002C0001 /* UploadHistoryManager.swift in Sources */ = {isa = PBXBuildFile; fileRef = A10002C0000 /* UploadHistoryManager.swift */; };
		A10002D0001 /* UploadManager.swift in Sources */ = {isa = PBXBuildFile; fileRef = A10002D0000 /* UploadManager.swift */; };
		A10002E0001 /* UploadsView.swift in Sources */ = {isa = PBXBuildFile; fileRef = A10002E0000 /* UploadsView.swift */; };
		A10002F0001 /* GeneralSettingsTab.swift in Sources */ = {isa = PBXBuildFile; fileRef = A10002F0000 /* GeneralSettingsTab.swift */; };
		A1000300001 /* UploadRow.swift in Sources */ = {isa = PBXBuildFile; fileRef = A1000300000 /* UploadRow.swift */; };
		A1000330001 /* ModelsSettingsTab.swift in Sources */ = {isa = PBXBuildFile; fileRef = A1000330000 /* ModelsSettingsTab.swift */; };
		A1000370001 /* ModelRow.swift in Sources */ = {isa = PBXBuildFile; fileRef = A1000370000 /* ModelRow.swift */; };
		A1000390001 /* TransformationState.swift in Sources */ = {isa = PBXBuildFile; fileRef = A1000390000 /* TransformationState.swift */; };
		A10003A0001 /* TransformationButton.swift in Sources */ = {isa = PBXBuildFile; fileRef = A10003A0000 /* TransformationButton.swift */; };
		A10003B0001 /* TransformationBar.swift in Sources */ = {isa = PBXBuildFile; fileRef = A10003B0000 /* TransformationBar.swift */; };
		A10003C0001 /* TransformationPreviewView.swift in Sources */ = {isa = PBXBuildFile; fileRef = A10003C0000 /* TransformationPreviewView.swift */; };
		A10003D0001 /* TransformationsSettingsTab.swift in Sources */ = {isa = PBXBuildFile; fileRef = A10003D0000 /* TransformationsSettingsTab.swift */; };
		A10003E0001 /* TransformAPITypes.swift in Sources */ = {isa = PBXBuildFile; fileRef = A10003E0000 /* TransformAPITypes.swift */; };
		A10003F0001 /* SetupGuideView.swift in Sources */ = {isa = PBXBuildFile; fileRef = A10003F0000 /* SetupGuideView.swift */; };
		A1000400001 /* HotkeyPickerView.swift in Sources */ = {isa = PBXBuildFile; fileRef = A1000400000 /* HotkeyPickerView.swift */; };
		A1000410001 /* MenuBarController.swift in Sources */ = {isa = PBXBuildFile; fileRef = A1000410000 /* MenuBarController.swift */; };
		A1000450001 /* WhisperKitManager.swift in Sources */ = {isa = PBXBuildFile; fileRef = A1000450000 /* WhisperKitManager.swift */; };
		A1000460001 /* WhisperKitModelManager.swift in Sources */ = {isa = PBXBuildFile; fileRef = A1000460000 /* WhisperKitModelManager.swift */; };
		A1000470001 /* MLXTransformManager.swift in Sources */ = {isa = PBXBuildFile; fileRef = A1000470000 /* MLXTransformManager.swift */; };
		A1000510001 /* Sparkle in Frameworks */ = {isa = PBXBuildFile; productRef = A1000510000 /* Sparkle */; };
		A1000520001 /* UpdateManager.swift in Sources */ = {isa = PBXBuildFile; fileRef = A1000520000 /* UpdateManager.swift */; };
		AD16A4EA2FA77CA500901CBD /* WhisperKit in Frameworks */ = {isa = PBXBuildFile; productRef = AD16A4E92FA77CA500901CBD /* WhisperKit */; };
		AD16A4EC2FA77CB600901CBD /* MLXLLM in Frameworks */ = {isa = PBXBuildFile; productRef = AD16A4EB2FA77CB600901CBD /* MLXLLM */; };
		AD16A4EE2FA77CBE00901CBD /* MLXLMCommon in Frameworks */ = {isa = PBXBuildFile; productRef = AD16A4ED2FA77CBE00901CBD /* MLXLMCommon */; };
		AD16A52C2FA78AA200901CBD /* MLXHuggingFace in Frameworks */ = {isa = PBXBuildFile; productRef = AD16A52B2FA78AA200901CBD /* MLXHuggingFace */; };
		HF0001000001 /* HuggingFace in Frameworks */ = {isa = PBXBuildFile; productRef = HF0001000000 /* HuggingFace */; };
		TR0001000001 /* Tokenizers in Frameworks */ = {isa = PBXBuildFile; productRef = TR0001000000 /* Tokenizers */; };
		DA3BE0040FBB7F8E703AA814 /* SimpleMenuView.swift in Sources */ = {isa = PBXBuildFile; fileRef = D96FCEC7D02000F9F4E90621 /* SimpleMenuView.swift */; };
/* End PBXBuildFile section */

/* Begin PBXContainerItemProxy section */
		AD16A4E32FA769C800901CBD /* PBXContainerItemProxy */ = {
			isa = PBXContainerItemProxy;
			containerPortal = A1000050000 /* Project object */;
			proxyType = 1;
			remoteGlobalIDString = A1000030000;
			remoteInfo = Rayee;
		};
/* End PBXContainerItemProxy section */

/* Begin PBXFileReference section */
		A1000000000 /* Rayee.app */ = {isa = PBXFileReference; explicitFileType = wrapper.application; includeInIndex = 0; path = Rayee.app; sourceTree = BUILT_PRODUCTS_DIR; };
		A1000001000 /* RayeeApp.swift */ = {isa = PBXFileReference; lastKnownFileType = sourcecode.swift; path = RayeeApp.swift; sourceTree = "<group>"; };
		A1000002000 /* AppState.swift */ = {isa = PBXFileReference; lastKnownFileType = sourcecode.swift; path = AppState.swift; sourceTree = "<group>"; };
		A1000004000 /* StatusIndicator.swift */ = {isa = PBXFileReference; lastKnownFileType = sourcecode.swift; path = StatusIndicator.swift; sourceTree = "<group>"; };
		A1000006000 /* Info.plist */ = {isa = PBXFileReference; lastKnownFileType = text.plist.xml; path = Info.plist; sourceTree = "<group>"; };
		A1000007000 /* SettingsManager.swift */ = {isa = PBXFileReference; lastKnownFileType = sourcecode.swift; path = SettingsManager.swift; sourceTree = "<group>"; };
		A1000008000 /* SettingsView.swift */ = {isa = PBXFileReference; lastKnownFileType = sourcecode.swift; path = SettingsView.swift; sourceTree = "<group>"; };
		A1000009000 /* HotkeyManager.swift */ = {isa = PBXFileReference; lastKnownFileType = sourcecode.swift; path = HotkeyManager.swift; sourceTree = "<group>"; };
		A100000A000 /* PasteManager.swift */ = {isa = PBXFileReference; lastKnownFileType = sourcecode.swift; path = PasteManager.swift; sourceTree = "<group>"; };
		A100000B000 /* Rayee.entitlements */ = {isa = PBXFileReference; lastKnownFileType = text.plist.entitlements; path = Rayee.entitlements; sourceTree = "<group>"; };
		A100000C000 /* TranscriptionRecord.swift */ = {isa = PBXFileReference; lastKnownFileType = sourcecode.swift; path = TranscriptionRecord.swift; sourceTree = "<group>"; };
		A100000D000 /* HistoryManager.swift */ = {isa = PBXFileReference; lastKnownFileType = sourcecode.swift; path = HistoryManager.swift; sourceTree = "<group>"; };
		A100000E000 /* HistoryView.swift */ = {isa = PBXFileReference; lastKnownFileType = sourcecode.swift; path = HistoryView.swift; sourceTree = "<group>"; };
		A100000F000 /* AudioFeedback.swift */ = {isa = PBXFileReference; lastKnownFileType = sourcecode.swift; path = AudioFeedback.swift; sourceTree = "<group>"; };
		A1000120000 /* AudioRecorder.swift */ = {isa = PBXFileReference; lastKnownFileType = sourcecode.swift; path = AudioRecorder.swift; sourceTree = "<group>"; };
		A1000130000 /* Config.swift */ = {isa = PBXFileReference; lastKnownFileType = sourcecode.swift; path = Config.swift; sourceTree = "<group>"; };
		A1000150000 /* TranscriptionCoordinator.swift */ = {isa = PBXFileReference; lastKnownFileType = sourcecode.swift; path = TranscriptionCoordinator.swift; sourceTree = "<group>"; };
		A1000170000 /* AudioLevelMonitor.swift */ = {isa = PBXFileReference; lastKnownFileType = sourcecode.swift; path = AudioLevelMonitor.swift; sourceTree = "<group>"; };
		A1000180000 /* RecordingPanelView.swift */ = {isa = PBXFileReference; lastKnownFileType = sourcecode.swift; path = RecordingPanelView.swift; sourceTree = "<group>"; };
		A1000190000 /* RecordingPanelController.swift */ = {isa = PBXFileReference; lastKnownFileType = sourcecode.swift; path = RecordingPanelController.swift; sourceTree = "<group>"; };
		A10001B0000 /* PanelButtonStyles.swift */ = {isa = PBXFileReference; lastKnownFileType = sourcecode.swift; path = PanelButtonStyles.swift; sourceTree = "<group>"; };
		A10001C0000 /* PasteTargetDetector.swift */ = {isa = PBXFileReference; lastKnownFileType = sourcecode.swift; path = PasteTargetDetector.swift; sourceTree = "<group>"; };
		A10001D0000 /* AppLogger.swift */ = {isa = PBXFileReference; lastKnownFileType = sourcecode.swift; path = AppLogger.swift; sourceTree = "<group>"; };
		A10001E0000 /* Assets.xcassets */ = {isa = PBXFileReference; lastKnownFileType = folder.assetcatalog; path = Assets.xcassets; sourceTree = "<group>"; };
		A10002A0000 /* AudioFileConverter.swift */ = {isa = PBXFileReference; lastKnownFileType = sourcecode.swift; path = AudioFileConverter.swift; sourceTree = "<group>"; };
		A10002B0000 /* UploadRecord.swift */ = {isa = PBXFileReference; lastKnownFileType = sourcecode.swift; path = UploadRecord.swift; sourceTree = "<group>"; };
		A10002C0000 /* UploadHistoryManager.swift */ = {isa = PBXFileReference; lastKnownFileType = sourcecode.swift; path = UploadHistoryManager.swift; sourceTree = "<group>"; };
		A10002D0000 /* UploadManager.swift */ = {isa = PBXFileReference; lastKnownFileType = sourcecode.swift; path = UploadManager.swift; sourceTree = "<group>"; };
		A10002E0000 /* UploadsView.swift */ = {isa = PBXFileReference; lastKnownFileType = sourcecode.swift; path = UploadsView.swift; sourceTree = "<group>"; };
		A10002F0000 /* GeneralSettingsTab.swift */ = {isa = PBXFileReference; lastKnownFileType = sourcecode.swift; path = GeneralSettingsTab.swift; sourceTree = "<group>"; };
		A1000300000 /* UploadRow.swift */ = {isa = PBXFileReference; lastKnownFileType = sourcecode.swift; path = UploadRow.swift; sourceTree = "<group>"; };
		A1000330000 /* ModelsSettingsTab.swift */ = {isa = PBXFileReference; lastKnownFileType = sourcecode.swift; path = ModelsSettingsTab.swift; sourceTree = "<group>"; };
		A1000370000 /* ModelRow.swift */ = {isa = PBXFileReference; lastKnownFileType = sourcecode.swift; path = ModelRow.swift; sourceTree = "<group>"; };
		A1000390000 /* TransformationState.swift */ = {isa = PBXFileReference; lastKnownFileType = sourcecode.swift; path = TransformationState.swift; sourceTree = "<group>"; };
		A10003A0000 /* TransformationButton.swift */ = {isa = PBXFileReference; lastKnownFileType = sourcecode.swift; path = TransformationButton.swift; sourceTree = "<group>"; };
		A10003B0000 /* TransformationBar.swift */ = {isa = PBXFileReference; lastKnownFileType = sourcecode.swift; path = TransformationBar.swift; sourceTree = "<group>"; };
		A10003C0000 /* TransformationPreviewView.swift */ = {isa = PBXFileReference; lastKnownFileType = sourcecode.swift; path = TransformationPreviewView.swift; sourceTree = "<group>"; };
		A10003D0000 /* TransformationsSettingsTab.swift */ = {isa = PBXFileReference; lastKnownFileType = sourcecode.swift; path = TransformationsSettingsTab.swift; sourceTree = "<group>"; };
		A10003E0000 /* TransformAPITypes.swift */ = {isa = PBXFileReference; lastKnownFileType = sourcecode.swift; path = TransformAPITypes.swift; sourceTree = "<group>"; };
		A10003F0000 /* SetupGuideView.swift */ = {isa = PBXFileReference; lastKnownFileType = sourcecode.swift; path = SetupGuideView.swift; sourceTree = "<group>"; };
		A1000400000 /* HotkeyPickerView.swift */ = {isa = PBXFileReference; lastKnownFileType = sourcecode.swift; path = HotkeyPickerView.swift; sourceTree = "<group>"; };
		A1000410000 /* MenuBarController.swift */ = {isa = PBXFileReference; lastKnownFileType = sourcecode.swift; path = MenuBarController.swift; sourceTree = "<group>"; };
		A1000450000 /* WhisperKitManager.swift */ = {isa = PBXFileReference; lastKnownFileType = sourcecode.swift; path = WhisperKitManager.swift; sourceTree = "<group>"; };
		A1000460000 /* WhisperKitModelManager.swift */ = {isa = PBXFileReference; lastKnownFileType = sourcecode.swift; path = WhisperKitModelManager.swift; sourceTree = "<group>"; };
		A1000470000 /* MLXTransformManager.swift */ = {isa = PBXFileReference; lastKnownFileType = sourcecode.swift; path = MLXTransformManager.swift; sourceTree = "<group>"; };
		A1000520000 /* UpdateManager.swift */ = {isa = PBXFileReference; lastKnownFileType = sourcecode.swift; path = UpdateManager.swift; sourceTree = "<group>"; };
		AD16A4DF2FA769C800901CBD /* RayeeTests.xctest */ = {isa = PBXFileReference; explicitFileType = wrapper.cfbundle; includeInIndex = 0; path = RayeeTests.xctest; sourceTree = BUILT_PRODUCTS_DIR; };
		D96FCEC7D02000F9F4E90621 /* SimpleMenuView.swift */ = {isa = PBXFileReference; lastKnownFileType = sourcecode.swift; path = SimpleMenuView.swift; sourceTree = "<group>"; };
/* End PBXFileReference section */

/* Begin PBXFileSystemSynchronizedRootGroup section */
		AD16A4E02FA769C800901CBD /* RayeeTests */ = {isa = PBXFileSystemSynchronizedRootGroup; explicitFileTypes = {}; explicitFolders = (); path = RayeeTests; sourceTree = "<group>"; };
/* End PBXFileSystemSynchronizedRootGroup section */

/* Begin PBXFrameworksBuildPhase section */
		A1000010000 /* Frameworks */ = {
			isa = PBXFrameworksBuildPhase;
			buildActionMask = 2147483647;
			files = (
				AD16A52C2FA78AA200901CBD /* MLXHuggingFace in Frameworks */,
				HF0001000001 /* HuggingFace in Frameworks */,
				TR0001000001 /* Tokenizers in Frameworks */,
				AD16A4EC2FA77CB600901CBD /* MLXLLM in Frameworks */,
				AD16A4EA2FA77CA500901CBD /* WhisperKit in Frameworks */,
				AD16A4EE2FA77CBE00901CBD /* MLXLMCommon in Frameworks */,
				A1000510001 /* Sparkle in Frameworks */,
			);
			runOnlyForDeploymentPostprocessing = 0;
		};
		AD16A4DC2FA769C800901CBD /* Frameworks */ = {
			isa = PBXFrameworksBuildPhase;
			buildActionMask = 2147483647;
			files = (
			);
			runOnlyForDeploymentPostprocessing = 0;
		};
/* End PBXFrameworksBuildPhase section */

/* Begin PBXGroup section */
		A1000020000 = {
			isa = PBXGroup;
			children = (
				A1000021000 /* Rayee */,
				AD16A4E02FA769C800901CBD /* RayeeTests */,
				AD16A4E82FA77CA400901CBD /* Frameworks */,
				A1000022000 /* Products */,
			);
			sourceTree = "<group>";
		};
		A1000021000 /* Rayee */ = {
			isa = PBXGroup;
			children = (
				A1000001000 /* RayeeApp.swift */,
				A1000002000 /* AppState.swift */,
				A1000410000 /* MenuBarController.swift */,
				D96FCEC7D02000F9F4E90621 /* SimpleMenuView.swift */,
				A1000004000 /* StatusIndicator.swift */,
				A1000007000 /* SettingsManager.swift */,
				A1000008000 /* SettingsView.swift */,
				A1000009000 /* HotkeyManager.swift */,
				A100000A000 /* PasteManager.swift */,
				A100000C000 /* TranscriptionRecord.swift */,
				A100000D000 /* HistoryManager.swift */,
				A100000E000 /* HistoryView.swift */,
				A100000F000 /* AudioFeedback.swift */,
				A1000120000 /* AudioRecorder.swift */,
				A1000130000 /* Config.swift */,
				A1000150000 /* TranscriptionCoordinator.swift */,
				A1000170000 /* AudioLevelMonitor.swift */,
				A1000180000 /* RecordingPanelView.swift */,
				A1000190000 /* RecordingPanelController.swift */,
				A10001B0000 /* PanelButtonStyles.swift */,
				A10001C0000 /* PasteTargetDetector.swift */,
				A10001D0000 /* AppLogger.swift */,
				A10002A0000 /* AudioFileConverter.swift */,
				A10002B0000 /* UploadRecord.swift */,
				A10002C0000 /* UploadHistoryManager.swift */,
				A10002D0000 /* UploadManager.swift */,
				A10002E0000 /* UploadsView.swift */,
				A10002F0000 /* GeneralSettingsTab.swift */,
				A1000300000 /* UploadRow.swift */,
				A1000330000 /* ModelsSettingsTab.swift */,
				A1000450000 /* WhisperKitManager.swift */,
				A1000460000 /* WhisperKitModelManager.swift */,
				A1000470000 /* MLXTransformManager.swift */,
				A1000370000 /* ModelRow.swift */,
				A1000390000 /* TransformationState.swift */,
				A10003A0000 /* TransformationButton.swift */,
				A10003B0000 /* TransformationBar.swift */,
				A10003C0000 /* TransformationPreviewView.swift */,
				A10003D0000 /* TransformationsSettingsTab.swift */,
				A10003E0000 /* TransformAPITypes.swift */,
				A10003F0000 /* SetupGuideView.swift */,
				A1000400000 /* HotkeyPickerView.swift */,
				A1000520000 /* UpdateManager.swift */,
				A10001E0000 /* Assets.xcassets */,
				A1000006000 /* Info.plist */,
				A100000B000 /* Rayee.entitlements */,
			);
			path = Rayee;
			sourceTree = "<group>";
		};
		A1000022000 /* Products */ = {
			isa = PBXGroup;
			children = (
				A1000000000 /* Rayee.app */,
				AD16A4DF2FA769C800901CBD /* RayeeTests.xctest */,
			);
			name = Products;
			sourceTree = "<group>";
		};
		AD16A4E82FA77CA400901CBD /* Frameworks */ = {
			isa = PBXGroup;
			children = (
			);
			name = Frameworks;
			sourceTree = "<group>";
		};
/* End PBXGroup section */

/* Begin PBXNativeTarget section */
		A1000030000 /* Rayee */ = {
			isa = PBXNativeTarget;
			buildConfigurationList = A1000040000 /* Build configuration list for PBXNativeTarget "Rayee" */;
			buildPhases = (
				A1000031000 /* Sources */,
				A1000010000 /* Frameworks */,
				A1000032000 /* Resources */,
			);
			buildRules = (
			);
			dependencies = (
			);
			name = Rayee;
			packageProductDependencies = (
				A1000510000 /* Sparkle */,
				AD16A4E92FA77CA500901CBD /* WhisperKit */,
				AD16A4EB2FA77CB600901CBD /* MLXLLM */,
				AD16A4ED2FA77CBE00901CBD /* MLXLMCommon */,
				AD16A52B2FA78AA200901CBD /* MLXHuggingFace */,
			);
			productName = Rayee;
			productReference = A1000000000 /* Rayee.app */;
			productType = "com.apple.product-type.application";
		};
		AD16A4DE2FA769C800901CBD /* RayeeTests */ = {
			isa = PBXNativeTarget;
			buildConfigurationList = AD16A4E52FA769C800901CBD /* Build configuration list for PBXNativeTarget "RayeeTests" */;
			buildPhases = (
				AD16A4DB2FA769C800901CBD /* Sources */,
				AD16A4DC2FA769C800901CBD /* Frameworks */,
				AD16A4DD2FA769C800901CBD /* Resources */,
			);
			buildRules = (
			);
			dependencies = (
				AD16A4E42FA769C800901CBD /* PBXTargetDependency */,
			);
			fileSystemSynchronizedGroups = (
				AD16A4E02FA769C800901CBD /* RayeeTests */,
			);
			name = RayeeTests;
			packageProductDependencies = (
			);
			productName = RayeeTests;
			productReference = AD16A4DF2FA769C800901CBD /* RayeeTests.xctest */;
			productType = "com.apple.product-type.bundle.unit-test";
		};
/* End PBXNativeTarget section */

/* Begin PBXProject section */
		A1000050000 /* Project object */ = {
			isa = PBXProject;
			attributes = {
				BuildIndependentTargetsInParallel = 1;
				LastSwiftUpdateCheck = 2640;
				LastUpgradeCheck = 2630;
				TargetAttributes = {
					A1000030000 = {
						CreatedOnToolsVersion = 15.0;
					};
					AD16A4DE2FA769C800901CBD = {
						CreatedOnToolsVersion = 26.4.1;
						TestTargetID = A1000030000;
					};
				};
			};
			buildConfigurationList = A1000060000 /* Build configuration list for PBXProject "Rayee" */;
			compatibilityVersion = "Xcode 14.0";
			developmentRegion = en;
			hasScannedForEncodings = 0;
			knownRegions = (
				en,
				Base,
			);
			mainGroup = A1000020000;
			packageReferences = (
				A1000500000 /* XCRemoteSwiftPackageReference "Sparkle" */,
				AD16A4D92FA7696600901CBD /* XCRemoteSwiftPackageReference "mlx-swift-lm" */,
				AD16A4DA2FA7699500901CBD /* XCRemoteSwiftPackageReference "argmax-oss-swift" */,
				HF0001000010 /* XCRemoteSwiftPackageReference "swift-huggingface" */,
				TR0001000010 /* XCRemoteSwiftPackageReference "swift-transformers" */,
			);
			productRefGroup = A1000022000 /* Products */;
			projectDirPath = "";
			projectRoot = "";
			targets = (
				A1000030000 /* Rayee */,
				AD16A4DE2FA769C800901CBD /* RayeeTests */,
			);
		};
/* End PBXProject section */

/* Begin PBXResourcesBuildPhase section */
		A1000032000 /* Resources */ = {
			isa = PBXResourcesBuildPhase;
			buildActionMask = 2147483647;
			files = (
				A10001E0001 /* Assets.xcassets in Resources */,
			);
			runOnlyForDeploymentPostprocessing = 0;
		};
		AD16A4DD2FA769C800901CBD /* Resources */ = {
			isa = PBXResourcesBuildPhase;
			buildActionMask = 2147483647;
			files = (
			);
			runOnlyForDeploymentPostprocessing = 0;
		};
/* End PBXResourcesBuildPhase section */

/* Begin PBXSourcesBuildPhase section */
		A1000031000 /* Sources */ = {
			isa = PBXSourcesBuildPhase;
			buildActionMask = 2147483647;
			files = (
				A1000001001 /* RayeeApp.swift in Sources */,
				A1000002001 /* AppState.swift in Sources */,
				A1000410001 /* MenuBarController.swift in Sources */,
				DA3BE0040FBB7F8E703AA814 /* SimpleMenuView.swift in Sources */,
				A1000004001 /* StatusIndicator.swift in Sources */,
				A1000007001 /* SettingsManager.swift in Sources */,
				A1000008001 /* SettingsView.swift in Sources */,
				A1000009001 /* HotkeyManager.swift in Sources */,
				A100000A001 /* PasteManager.swift in Sources */,
				A100000C001 /* TranscriptionRecord.swift in Sources */,
				A100000D001 /* HistoryManager.swift in Sources */,
				A100000E001 /* HistoryView.swift in Sources */,
				A100000F001 /* AudioFeedback.swift in Sources */,
				A1000120001 /* AudioRecorder.swift in Sources */,
				A1000130001 /* Config.swift in Sources */,
				A1000150001 /* TranscriptionCoordinator.swift in Sources */,
				A1000170001 /* AudioLevelMonitor.swift in Sources */,
				A1000180001 /* RecordingPanelView.swift in Sources */,
				A1000190001 /* RecordingPanelController.swift in Sources */,
				A10001B0001 /* PanelButtonStyles.swift in Sources */,
				A10001C0001 /* PasteTargetDetector.swift in Sources */,
				A10001D0001 /* AppLogger.swift in Sources */,
				A10002A0001 /* AudioFileConverter.swift in Sources */,
				A10002B0001 /* UploadRecord.swift in Sources */,
				A10002C0001 /* UploadHistoryManager.swift in Sources */,
				A10002D0001 /* UploadManager.swift in Sources */,
				A10002E0001 /* UploadsView.swift in Sources */,
				A10002F0001 /* GeneralSettingsTab.swift in Sources */,
				A1000300001 /* UploadRow.swift in Sources */,
				A1000330001 /* ModelsSettingsTab.swift in Sources */,
				A1000450001 /* WhisperKitManager.swift in Sources */,
				A1000460001 /* WhisperKitModelManager.swift in Sources */,
				A1000470001 /* MLXTransformManager.swift in Sources */,
				A1000370001 /* ModelRow.swift in Sources */,
				A1000390001 /* TransformationState.swift in Sources */,
				A10003A0001 /* TransformationButton.swift in Sources */,
				A10003B0001 /* TransformationBar.swift in Sources */,
				A10003C0001 /* TransformationPreviewView.swift in Sources */,
				A10003D0001 /* TransformationsSettingsTab.swift in Sources */,
				A10003E0001 /* TransformAPITypes.swift in Sources */,
				A10003F0001 /* SetupGuideView.swift in Sources */,
				A1000400001 /* HotkeyPickerView.swift in Sources */,
				A1000520001 /* UpdateManager.swift in Sources */,
			);
			runOnlyForDeploymentPostprocessing = 0;
		};
		AD16A4DB2FA769C800901CBD /* Sources */ = {
			isa = PBXSourcesBuildPhase;
			buildActionMask = 2147483647;
			files = (
			);
			runOnlyForDeploymentPostprocessing = 0;
		};
/* End PBXSourcesBuildPhase section */

/* Begin PBXTargetDependency section */
		AD16A4E42FA769C800901CBD /* PBXTargetDependency */ = {
			isa = PBXTargetDependency;
			target = A1000030000 /* Rayee */;
			targetProxy = AD16A4E32FA769C800901CBD /* PBXContainerItemProxy */;
		};
/* End PBXTargetDependency section */

/* Begin XCBuildConfiguration section */
		A1000070000 /* Debug */ = {
			isa = XCBuildConfiguration;
			buildSettings = {
				ALWAYS_SEARCH_USER_PATHS = NO;
				ASSETCATALOG_COMPILER_GENERATE_SWIFT_ASSET_SYMBOL_EXTENSIONS = YES;
				CLANG_ANALYZER_NONNULL = YES;
				CLANG_ANALYZER_NUMBER_OBJECT_CONVERSION = YES_AGGRESSIVE;
				CLANG_CXX_LANGUAGE_STANDARD = "gnu++20";
				CLANG_ENABLE_MODULES = YES;
				CLANG_ENABLE_OBJC_ARC = YES;
				CLANG_ENABLE_OBJC_WEAK = YES;
				CLANG_WARN_BLOCK_CAPTURE_AUTORELEASING = YES;
				CLANG_WARN_BOOL_CONVERSION = YES;
				CLANG_WARN_COMMA = YES;
				CLANG_WARN_CONSTANT_CONVERSION = YES;
				CLANG_WARN_DEPRECATED_OBJC_IMPLEMENTATIONS = YES;
				CLANG_WARN_DIRECT_OBJC_ISA_USAGE = YES_ERROR;
				CLANG_WARN_DOCUMENTATION_COMMENTS = YES;
				CLANG_WARN_EMPTY_BODY = YES;
				CLANG_WARN_ENUM_CONVERSION = YES;
				CLANG_WARN_INFINITE_RECURSION = YES;
				CLANG_WARN_INT_CONVERSION = YES;
				CLANG_WARN_NON_LITERAL_NULL_CONVERSION = YES;
				CLANG_WARN_OBJC_IMPLICIT_RETAIN_SELF = YES;
				CLANG_WARN_OBJC_LITERAL_CONVERSION = YES;
				CLANG_WARN_OBJC_ROOT_CLASS = YES_ERROR;
				CLANG_WARN_QUOTED_INCLUDE_IN_FRAMEWORK_HEADER = YES;
				CLANG_WARN_RANGE_LOOP_ANALYSIS = YES;
				CLANG_WARN_STRICT_PROTOTYPES = YES;
				CLANG_WARN_SUSPICIOUS_MOVE = YES;
				CLANG_WARN_UNGUARDED_AVAILABILITY = YES_AGGRESSIVE;
				CLANG_WARN_UNREACHABLE_CODE = YES;
				CLANG_WARN__DUPLICATE_METHOD_MATCH = YES;
				COPY_PHASE_STRIP = NO;
				DEAD_CODE_STRIPPING = YES;
				DEBUG_INFORMATION_FORMAT = dwarf;
				ENABLE_STRICT_OBJC_MSGSEND = YES;
				ENABLE_TESTABILITY = YES;
				ENABLE_USER_SCRIPT_SANDBOXING = YES;
				GCC_C_LANGUAGE_STANDARD = gnu17;
				GCC_DYNAMIC_NO_PIC = NO;
				GCC_NO_COMMON_BLOCKS = YES;
				GCC_OPTIMIZATION_LEVEL = 0;
				GCC_PREPROCESSOR_DEFINITIONS = (
					"DEBUG=1",
					"$(inherited)",
				);
				GCC_WARN_64_TO_32_BIT_CONVERSION = YES;
				GCC_WARN_ABOUT_RETURN_TYPE = YES_ERROR;
				GCC_WARN_UNDECLARED_SELECTOR = YES;
				GCC_WARN_UNINITIALIZED_AUTOS = YES_AGGRESSIVE;
				GCC_WARN_UNUSED_FUNCTION = YES;
				GCC_WARN_UNUSED_VARIABLE = YES;
				MACOSX_DEPLOYMENT_TARGET = 14.6;
				MTL_ENABLE_DEBUG_INFO = INCLUDE_SOURCE;
				MTL_FAST_MATH = YES;
				ONLY_ACTIVE_ARCH = YES;
				SDKROOT = macosx;
				STRING_CATALOG_GENERATE_SYMBOLS = YES;
				SWIFT_ACTIVE_COMPILATION_CONDITIONS = "DEBUG $(inherited)";
				SWIFT_OPTIMIZATION_LEVEL = "-Onone";
			};
			name = Debug;
		};
		A1000080000 /* Release */ = {
			isa = XCBuildConfiguration;
			buildSettings = {
				ALWAYS_SEARCH_USER_PATHS = NO;
				ASSETCATALOG_COMPILER_GENERATE_SWIFT_ASSET_SYMBOL_EXTENSIONS = YES;
				CLANG_ANALYZER_NONNULL = YES;
				CLANG_ANALYZER_NUMBER_OBJECT_CONVERSION = YES_AGGRESSIVE;
				CLANG_CXX_LANGUAGE_STANDARD = "gnu++20";
				CLANG_ENABLE_MODULES = YES;
				CLANG_ENABLE_OBJC_ARC = YES;
				CLANG_ENABLE_OBJC_WEAK = YES;
				CLANG_WARN_BLOCK_CAPTURE_AUTORELEASING = YES;
				CLANG_WARN_BOOL_CONVERSION = YES;
				CLANG_WARN_COMMA = YES;
				CLANG_WARN_CONSTANT_CONVERSION = YES;
				CLANG_WARN_DEPRECATED_OBJC_IMPLEMENTATIONS = YES;
				CLANG_WARN_DIRECT_OBJC_ISA_USAGE = YES_ERROR;
				CLANG_WARN_DOCUMENTATION_COMMENTS = YES;
				CLANG_WARN_EMPTY_BODY = YES;
				CLANG_WARN_ENUM_CONVERSION = YES;
				CLANG_WARN_INFINITE_RECURSION = YES;
				CLANG_WARN_INT_CONVERSION = YES;
				CLANG_WARN_NON_LITERAL_NULL_CONVERSION = YES;
				CLANG_WARN_OBJC_IMPLICIT_RETAIN_SELF = YES;
				CLANG_WARN_OBJC_LITERAL_CONVERSION = YES;
				CLANG_WARN_OBJC_ROOT_CLASS = YES_ERROR;
				CLANG_WARN_QUOTED_INCLUDE_IN_FRAMEWORK_HEADER = YES;
				CLANG_WARN_RANGE_LOOP_ANALYSIS = YES;
				CLANG_WARN_STRICT_PROTOTYPES = YES;
				CLANG_WARN_SUSPICIOUS_MOVE = YES;
				CLANG_WARN_UNGUARDED_AVAILABILITY = YES_AGGRESSIVE;
				CLANG_WARN_UNREACHABLE_CODE = YES;
				CLANG_WARN__DUPLICATE_METHOD_MATCH = YES;
				COPY_PHASE_STRIP = NO;
				DEAD_CODE_STRIPPING = YES;
				DEBUG_INFORMATION_FORMAT = "dwarf-with-dsym";
				ENABLE_NS_ASSERTIONS = NO;
				ENABLE_STRICT_OBJC_MSGSEND = YES;
				ENABLE_USER_SCRIPT_SANDBOXING = YES;
				GCC_C_LANGUAGE_STANDARD = gnu17;
				GCC_NO_COMMON_BLOCKS = YES;
				GCC_WARN_64_TO_32_BIT_CONVERSION = YES;
				GCC_WARN_ABOUT_RETURN_TYPE = YES_ERROR;
				GCC_WARN_UNDECLARED_SELECTOR = YES;
				GCC_WARN_UNINITIALIZED_AUTOS = YES_AGGRESSIVE;
				GCC_WARN_UNUSED_FUNCTION = YES;
				GCC_WARN_UNUSED_VARIABLE = YES;
				MACOSX_DEPLOYMENT_TARGET = 14.6;
				MTL_ENABLE_DEBUG_INFO = NO;
				MTL_FAST_MATH = YES;
				SDKROOT = macosx;
				STRING_CATALOG_GENERATE_SYMBOLS = YES;
				SWIFT_COMPILATION_MODE = wholemodule;
			};
			name = Release;
		};
		A1000090000 /* Debug */ = {
			isa = XCBuildConfiguration;
			buildSettings = {
				ASSETCATALOG_COMPILER_APPICON_NAME = AppIcon;
				ASSETCATALOG_COMPILER_GLOBAL_ACCENT_COLOR_NAME = AccentColor;
				CODE_SIGN_ENTITLEMENTS = Rayee/Rayee.entitlements;
				CODE_SIGN_STYLE = Automatic;
				COMBINE_HIDPI_IMAGES = YES;
				CURRENT_PROJECT_VERSION = 6;
				DEAD_CODE_STRIPPING = YES;
				DEVELOPMENT_TEAM = "";
				ENABLE_APP_SANDBOX = NO;
				ENABLE_HARDENED_RUNTIME = YES;
				ENABLE_OUTGOING_NETWORK_CONNECTIONS = YES;
				ENABLE_RESOURCE_ACCESS_AUDIO_INPUT = YES;
				GENERATE_INFOPLIST_FILE = YES;
				INFOPLIST_FILE = Rayee/Info.plist;
				INFOPLIST_KEY_LSUIElement = YES;
				INFOPLIST_KEY_NSHumanReadableCopyright = "";
				INFOPLIST_KEY_NSMicrophoneUsageDescription = "Rayee needs microphone access to record your voice for transcription.";
				LD_RUNPATH_SEARCH_PATHS = (
					"$(inherited)",
					"@executable_path/../Frameworks",
				);
				MARKETING_VERSION = 0.4.1;
				PRODUCT_BUNDLE_IDENTIFIER = com.rayee.app;
				PRODUCT_NAME = "$(TARGET_NAME)";
				SWIFT_EMIT_LOC_STRINGS = YES;
				SWIFT_VERSION = 5.0;
			};
			name = Debug;
		};
		A1000100000 /* Release */ = {
			isa = XCBuildConfiguration;
			buildSettings = {
				ASSETCATALOG_COMPILER_APPICON_NAME = AppIcon;
				ASSETCATALOG_COMPILER_GLOBAL_ACCENT_COLOR_NAME = AccentColor;
				CODE_SIGN_ENTITLEMENTS = Rayee/Rayee.entitlements;
				CODE_SIGN_STYLE = Automatic;
				COMBINE_HIDPI_IMAGES = YES;
				CURRENT_PROJECT_VERSION = 6;
				DEAD_CODE_STRIPPING = YES;
				DEVELOPMENT_TEAM = "";
				ENABLE_APP_SANDBOX = NO;
				ENABLE_HARDENED_RUNTIME = YES;
				ENABLE_OUTGOING_NETWORK_CONNECTIONS = YES;
				ENABLE_RESOURCE_ACCESS_AUDIO_INPUT = YES;
				GENERATE_INFOPLIST_FILE = YES;
				INFOPLIST_FILE = Rayee/Info.plist;
				INFOPLIST_KEY_LSUIElement = YES;
				INFOPLIST_KEY_NSHumanReadableCopyright = "";
				INFOPLIST_KEY_NSMicrophoneUsageDescription = "Rayee needs microphone access to record your voice for transcription.";
				LD_RUNPATH_SEARCH_PATHS = (
					"$(inherited)",
					"@executable_path/../Frameworks",
				);
				MARKETING_VERSION = 0.4.1;
				PRODUCT_BUNDLE_IDENTIFIER = com.rayee.app;
				PRODUCT_NAME = "$(TARGET_NAME)";
				SWIFT_EMIT_LOC_STRINGS = YES;
				SWIFT_VERSION = 5.0;
			};
			name = Release;
		};
		AD16A4E62FA769C800901CBD /* Debug */ = {
			isa = XCBuildConfiguration;
			buildSettings = {
				BUNDLE_LOADER = "$(TEST_HOST)";
				CODE_SIGN_STYLE = Automatic;
				CURRENT_PROJECT_VERSION = 1;
				DEVELOPMENT_TEAM = VXYPQ995EU;
				GENERATE_INFOPLIST_FILE = YES;
				LOCALIZATION_PREFERS_STRING_CATALOGS = YES;
				MACOSX_DEPLOYMENT_TARGET = 14.6;
				MARKETING_VERSION = 1.0;
				PRODUCT_BUNDLE_IDENTIFIER = "Karthik-Vadlapatla.RayeeTests";
				PRODUCT_NAME = "$(TARGET_NAME)";
				STRING_CATALOG_GENERATE_SYMBOLS = NO;
				SWIFT_APPROACHABLE_CONCURRENCY = YES;
				SWIFT_EMIT_LOC_STRINGS = NO;
				SWIFT_UPCOMING_FEATURE_MEMBER_IMPORT_VISIBILITY = YES;
				SWIFT_VERSION = 5.0;
				TEST_HOST = "$(BUILT_PRODUCTS_DIR)/Rayee.app/$(BUNDLE_EXECUTABLE_FOLDER_PATH)/Rayee";
			};
			name = Debug;
		};
		AD16A4E72FA769C800901CBD /* Release */ = {
			isa = XCBuildConfiguration;
			buildSettings = {
				BUNDLE_LOADER = "$(TEST_HOST)";
				CODE_SIGN_STYLE = Automatic;
				CURRENT_PROJECT_VERSION = 1;
				DEVELOPMENT_TEAM = VXYPQ995EU;
				GENERATE_INFOPLIST_FILE = YES;
				LOCALIZATION_PREFERS_STRING_CATALOGS = YES;
				MACOSX_DEPLOYMENT_TARGET = 14.6;
				MARKETING_VERSION = 1.0;
				PRODUCT_BUNDLE_IDENTIFIER = "Karthik-Vadlapatla.RayeeTests";
				PRODUCT_NAME = "$(TARGET_NAME)";
				STRING_CATALOG_GENERATE_SYMBOLS = NO;
				SWIFT_APPROACHABLE_CONCURRENCY = YES;
				SWIFT_EMIT_LOC_STRINGS = NO;
				SWIFT_UPCOMING_FEATURE_MEMBER_IMPORT_VISIBILITY = YES;
				SWIFT_VERSION = 5.0;
				TEST_HOST = "$(BUILT_PRODUCTS_DIR)/Rayee.app/$(BUNDLE_EXECUTABLE_FOLDER_PATH)/Rayee";
			};
			name = Release;
		};
/* End XCBuildConfiguration section */

/* Begin XCConfigurationList section */
		A1000040000 /* Build configuration list for PBXNativeTarget "Rayee" */ = {
			isa = XCConfigurationList;
			buildConfigurations = (
				A1000090000 /* Debug */,
				A1000100000 /* Release */,
			);
			defaultConfigurationIsVisible = 0;
			defaultConfigurationName = Release;
		};
		A1000060000 /* Build configuration list for PBXProject "Rayee" */ = {
			isa = XCConfigurationList;
			buildConfigurations = (
				A1000070000 /* Debug */,
				A1000080000 /* Release */,
			);
			defaultConfigurationIsVisible = 0;
			defaultConfigurationName = Release;
		};
		AD16A4E52FA769C800901CBD /* Build configuration list for PBXNativeTarget "RayeeTests" */ = {
			isa = XCConfigurationList;
			buildConfigurations = (
				AD16A4E62FA769C800901CBD /* Debug */,
				AD16A4E72FA769C800901CBD /* Release */,
			);
			defaultConfigurationIsVisible = 0;
			defaultConfigurationName = Release;
		};
/* End XCConfigurationList section */

/* Begin XCRemoteSwiftPackageReference section */
		A1000500000 /* XCRemoteSwiftPackageReference "Sparkle" */ = {
			isa = XCRemoteSwiftPackageReference;
			repositoryURL = "https://github.com/sparkle-project/Sparkle";
			requirement = {
				kind = upToNextMajorVersion;
				minimumVersion = 2.0.0;
			};
		};
		AD16A4D92FA7696600901CBD /* XCRemoteSwiftPackageReference "mlx-swift-lm" */ = {
			isa = XCRemoteSwiftPackageReference;
			repositoryURL = "https://github.com/ml-explore/mlx-swift-lm";
			requirement = {
				kind = upToNextMajorVersion;
				minimumVersion = 3.31.3;
			};
		};
		AD16A4DA2FA7699500901CBD /* XCRemoteSwiftPackageReference "argmax-oss-swift" */ = {
			isa = XCRemoteSwiftPackageReference;
			repositoryURL = "https://github.com/argmaxinc/argmax-oss-swift";
			requirement = {
				branch = main;
				kind = branch;
			};
		};
		HF0001000010 /* XCRemoteSwiftPackageReference "swift-huggingface" */ = {
			isa = XCRemoteSwiftPackageReference;
			repositoryURL = "https://github.com/huggingface/swift-huggingface";
			requirement = {
				kind = upToNextMajorVersion;
				minimumVersion = 0.9.0;
			};
		};
		TR0001000010 /* XCRemoteSwiftPackageReference "swift-transformers" */ = {
			isa = XCRemoteSwiftPackageReference;
			repositoryURL = "https://github.com/huggingface/swift-transformers";
			requirement = {
				kind = upToNextMajorVersion;
				minimumVersion = 1.3.0;
			};
		};
/* End XCRemoteSwiftPackageReference section */

/* Begin XCSwiftPackageProductDependency section */
		A1000510000 /* Sparkle */ = {
			isa = XCSwiftPackageProductDependency;
			package = A1000500000 /* XCRemoteSwiftPackageReference "Sparkle" */;
			productName = Sparkle;
		};
		AD16A4E92FA77CA500901CBD /* WhisperKit */ = {
			isa = XCSwiftPackageProductDependency;
			package = AD16A4DA2FA7699500901CBD /* XCRemoteSwiftPackageReference "argmax-oss-swift" */;
			productName = WhisperKit;
		};
		AD16A4EB2FA77CB600901CBD /* MLXLLM */ = {
			isa = XCSwiftPackageProductDependency;
			package = AD16A4D92FA7696600901CBD /* XCRemoteSwiftPackageReference "mlx-swift-lm" */;
			productName = MLXLLM;
		};
		AD16A4ED2FA77CBE00901CBD /* MLXLMCommon */ = {
			isa = XCSwiftPackageProductDependency;
			package = AD16A4D92FA7696600901CBD /* XCRemoteSwiftPackageReference "mlx-swift-lm" */;
			productName = MLXLMCommon;
		};
		AD16A52B2FA78AA200901CBD /* MLXHuggingFace */ = {
			isa = XCSwiftPackageProductDependency;
			package = AD16A4D92FA7696600901CBD /* XCRemoteSwiftPackageReference "mlx-swift-lm" */;
			productName = MLXHuggingFace;
		};
		HF0001000000 /* HuggingFace */ = {
			isa = XCSwiftPackageProductDependency;
			package = HF0001000010 /* XCRemoteSwiftPackageReference "swift-huggingface" */;
			productName = HuggingFace;
		};
		TR0001000000 /* Tokenizers */ = {
			isa = XCSwiftPackageProductDependency;
			package = TR0001000010 /* XCRemoteSwiftPackageReference "swift-transformers" */;
			productName = Tokenizers;
		};
/* End XCSwiftPackageProductDependency section */
	};
	rootObject = A1000050000 /* Project object */;
}
